
Microsoft Visual Studio Solution File, Format Version 12.00
# Visual Studio Version 17
VisualStudioVersion = 17.4.33205.214
MinimumVisualStudioVersion = 10.0.40219.1
Project("{9A19103F-16F7-4668-BE54-9A1E7A4F7556}") = "AnnoRDA", "AnnoRDA\AnnoRDA.csproj", "{1FD0C829-9B66-42DD-B67A-1783A16E5168}"
EndProject
Project("{9A19103F-16F7-4668-BE54-9A1E7A4F7556}") = "AnnoRDA.ChecksumDB", "AnnoRDA.ChecksumDB\AnnoRDA.ChecksumDB.csproj", "{19D6980E-376B-47FC-9B58-70F205D582CA}"
EndProject
Project("{9A19103F-16F7-4668-BE54-9A1E7A4F7556}") = "AnnoRDA.FileDB", "AnnoRDA.FileDB\AnnoRDA.FileDB.csproj", "{B2D17B0E-33C1-4BDD-8D07-54E74E79BED6}"
EndProject
Project("{9A19103F-16F7-4668-BE54-9A1E7A4F7556}") = "AnnoRDA.Tests", "AnnoRDA.Tests\AnnoRDA.Tests.csproj", "{DE2D22C7-F2EA-4F17-8984-F72687C32E6F}"
EndProject
Global
	GlobalSection(SolutionConfigurationPlatforms) = preSolution
		Debug|Any CPU = Debug|Any CPU
		Release|Any CPU = Release|Any CPU
	EndGlobalSection
	GlobalSection(ProjectConfigurationPlatforms) = postSolution
		{1FD0C829-9B66-42DD-B67A-1783A16E5168}.Debug|Any CPU.ActiveCfg = Debug|Any CPU
		{1FD0C829-9B66-42DD-B67A-1783A16E5168}.Debug|Any CPU.Build.0 = Debug|Any CPU
		{1FD0C829-9B66-42DD-B67A-1783A16E5168}.Release|Any CPU.ActiveCfg = Release|Any CPU
		{1FD0C829-9B66-42DD-B67A-1783A16E5168}.Release|Any CPU.Build.0 = Release|Any CPU
		{19D6980E-376B-47FC-9B58-70F205D582CA}.Debug|Any CPU.ActiveCfg = Debug|Any CPU
		{19D6980E-376B-47FC-9B58-70F205D582CA}.Debug|Any CPU.Build.0 = Debug|Any CPU
		{19D6980E-376B-47FC-9B58-70F205D582CA}.Release|Any CPU.ActiveCfg = Release|Any CPU
		{19D6980E-376B-47FC-9B58-70F205D582CA}.Release|Any CPU.Build.0 = Release|Any CPU
		{B2D17B0E-33C1-4BDD-8D07-54E74E79BED6}.Debug|Any CPU.ActiveCfg = Debug|Any CPU
		{B2D17B0E-33C1-4BDD-8D07-54E74E79BED6}.Debug|Any CPU.Build.0 = Debug|Any CPU
		{B2D17B0E-33C1-4BDD-8D07-54E74E79BED6}.Release|Any CPU.ActiveCfg = Release|Any CPU
		{B2D17B0E-33C1-4BDD-8D07-54E74E79BED6}.Release|Any CPU.Build.0 = Release|Any CPU
		{DE2D22C7-F2EA-4F17-8984-F72687C32E6F}.Debug|Any CPU.ActiveCfg = Debug|Any CPU
		{DE2D22C7-F2EA-4F17-8984-F72687C32E6F}.Debug|Any CPU.Build.0 = Debug|Any CPU
		{DE2D22C7-F2EA-4F17-8984-F72687C32E6F}.Release|Any CPU.ActiveCfg = Release|Any CPU
		{DE2D22C7-F2EA-4F17-8984-F72687C32E6F}.Release|Any CPU.Build.0 = Release|Any CPU
	EndGlobalSection
	GlobalSection(SolutionProperties) = preSolution
		HideSolutionNode = FALSE
	EndGlobalSection
	GlobalSection(ExtensibilityGlobals) = postSolution
		SolutionGuid = {428B625F-7008-4703-91C1-749F5B761022}
	EndGlobalSection
EndGlobal
